
Microsoft Visual Studio Solution File, Format Version 12.00
# Visual Studio Version 16
VisualStudioVersion = 16.0.29613.14
MinimumVisualStudioVersion = 10.0.40219.1
Project("{9A19103F-16F7-4668-BE54-9A1E7A4F7556}") = "RegistrationWebApp", "Web\RegistrationWebApp\RegistrationWebApp.csproj", "{6291ED11-BDDA-421E-A0A5-B5DAB3538A3C}"
EndProject
Project("{9A19103F-16F7-4668-BE54-9A1E7A4F7556}") = "AdminWebApp", "Web\AdminWebApp\AdminWebApp.csproj", "{130CA26C-76FA-43C2-95FC-48B299ED57F4}"
EndProject
Project("{9A19103F-16F7-4668-BE54-9A1E7A4F7556}") = "AdminToolsLib", "Web\AdminToolsLib\AdminToolsLib.csproj", "{FD487027-4498-45CB-94B9-25FA4BB276D9}"
EndProject
Project("{FAE04EC0-301F-11D3-BF4B-00C04F79EFBC}") = "TestSSH", "TestSSH\TestSSH.csproj", "{0D77C2D8-95E1-4D17-A1DB-C538014C1C6B}"
EndProject
Project("{FAE04EC0-301F-11D3-BF4B-00C04F79EFBC}") = "TestSSHClient", "TestSSHClient\TestSSHClient.csproj", "{932B86E5-DEAE-459A-B72C-630031E4C25A}"
EndProject
Global
	GlobalSection(SolutionConfigurationPlatforms) = preSolution
		Debug|Any CPU = Debug|Any CPU
		Debug|x64 = Debug|x64
		Debug|x86 = Debug|x86
		DebugNoTimeout|Any CPU = DebugNoTimeout|Any CPU
		DebugNoTimeout|x64 = DebugNoTimeout|x64
		DebugNoTimeout|x86 = DebugNoTimeout|x86
		Release 2.0|Any CPU = Release 2.0|Any CPU
		Release 2.0|x64 = Release 2.0|x64
		Release 2.0|x86 = Release 2.0|x86
		Release|Any CPU = Release|Any CPU
		Release|x64 = Release|x64
		Release|x86 = Release|x86
	EndGlobalSection
	GlobalSection(ProjectConfigurationPlatforms) = postSolution
		{6291ED11-BDDA-421E-A0A5-B5DAB3538A3C}.Debug|Any CPU.ActiveCfg = Debug|Any CPU
		{6291ED11-BDDA-421E-A0A5-B5DAB3538A3C}.Debug|Any CPU.Build.0 = Debug|Any CPU
		{6291ED11-BDDA-421E-A0A5-B5DAB3538A3C}.Debug|x64.ActiveCfg = Debug|Any CPU
		{6291ED11-BDDA-421E-A0A5-B5DAB3538A3C}.Debug|x64.Build.0 = Debug|Any CPU
		{6291ED11-BDDA-421E-A0A5-B5DAB3538A3C}.Debug|x86.ActiveCfg = Debug|Any CPU
		{6291ED11-BDDA-421E-A0A5-B5DAB3538A3C}.Debug|x86.Build.0 = Debug|Any CPU
		{6291ED11-BDDA-421E-A0A5-B5DAB3538A3C}.DebugNoTimeout|Any CPU.ActiveCfg = Debug|Any CPU
		{6291ED11-BDDA-421E-A0A5-B5DAB3538A3C}.DebugNoTimeout|Any CPU.Build.0 = Debug|Any CPU
		{6291ED11-BDDA-421E-A0A5-B5DAB3538A3C}.DebugNoTimeout|x64.ActiveCfg = Debug|Any CPU
		{6291ED11-BDDA-421E-A0A5-B5DAB3538A3C}.DebugNoTimeout|x64.Build.0 = Debug|Any CPU
		{6291ED11-BDDA-421E-A0A5-B5DAB3538A3C}.DebugNoTimeout|x86.ActiveCfg = Debug|Any CPU
		{6291ED11-BDDA-421E-A0A5-B5DAB3538A3C}.DebugNoTimeout|x86.Build.0 = Debug|Any CPU
		{6291ED11-BDDA-421E-A0A5-B5DAB3538A3C}.Release 2.0|Any CPU.ActiveCfg = Release|Any CPU
		{6291ED11-BDDA-421E-A0A5-B5DAB3538A3C}.Release 2.0|Any CPU.Build.0 = Release|Any CPU
		{6291ED11-BDDA-421E-A0A5-B5DAB3538A3C}.Release 2.0|x64.ActiveCfg = Release|Any CPU
		{6291ED11-BDDA-421E-A0A5-B5DAB3538A3C}.Release 2.0|x64.Build.0 = Release|Any CPU
		{6291ED11-BDDA-421E-A0A5-B5DAB3538A3C}.Release 2.0|x86.ActiveCfg = Release|Any CPU
		{6291ED11-BDDA-421E-A0A5-B5DAB3538A3C}.Release 2.0|x86.Build.0 = Release|Any CPU
		{6291ED11-BDDA-421E-A0A5-B5DAB3538A3C}.Release|Any CPU.ActiveCfg = Release|Any CPU
		{6291ED11-BDDA-421E-A0A5-B5DAB3538A3C}.Release|Any CPU.Build.0 = Release|Any CPU
		{6291ED11-BDDA-421E-A0A5-B5DAB3538A3C}.Release|x64.ActiveCfg = Release|Any CPU
		{6291ED11-BDDA-421E-A0A5-B5DAB3538A3C}.Release|x64.Build.0 = Release|Any CPU
		{6291ED11-BDDA-421E-A0A5-B5DAB3538A3C}.Release|x86.ActiveCfg = Release|Any CPU
		{6291ED11-BDDA-421E-A0A5-B5DAB3538A3C}.Release|x86.Build.0 = Release|Any CPU
		{130CA26C-76FA-43C2-95FC-48B299ED57F4}.Debug|Any CPU.ActiveCfg = Debug|Any CPU
		{130CA26C-76FA-43C2-95FC-48B299ED57F4}.Debug|Any CPU.Build.0 = Debug|Any CPU
		{130CA26C-76FA-43C2-95FC-48B299ED57F4}.Debug|x64.ActiveCfg = Debug|Any CPU
		{130CA26C-76FA-43C2-95FC-48B299ED57F4}.Debug|x64.Build.0 = Debug|Any CPU
		{130CA26C-76FA-43C2-95FC-48B299ED57F4}.Debug|x86.ActiveCfg = Debug|Any CPU
		{130CA26C-76FA-43C2-95FC-48B299ED57F4}.Debug|x86.Build.0 = Debug|Any CPU
		{130CA26C-76FA-43C2-95FC-48B299ED57F4}.DebugNoTimeout|Any CPU.ActiveCfg = Debug|Any CPU
		{130CA26C-76FA-43C2-95FC-48B299ED57F4}.DebugNoTimeout|Any CPU.Build.0 = Debug|Any CPU
		{130CA26C-76FA-43C2-95FC-48B299ED57F4}.DebugNoTimeout|x64.ActiveCfg = Debug|Any CPU
		{130CA26C-76FA-43C2-95FC-48B299ED57F4}.DebugNoTimeout|x64.Build.0 = Debug|Any CPU
		{130CA26C-76FA-43C2-95FC-48B299ED57F4}.DebugNoTimeout|x86.ActiveCfg = Debug|Any CPU
		{130CA26C-76FA-43C2-95FC-48B299ED57F4}.DebugNoTimeout|x86.Build.0 = Debug|Any CPU
		{130CA26C-76FA-43C2-95FC-48B299ED57F4}.Release 2.0|Any CPU.ActiveCfg = Release|Any CPU
		{130CA26C-76FA-43C2-95FC-48B299ED57F4}.Release 2.0|Any CPU.Build.0 = Release|Any CPU
		{130CA26C-76FA-43C2-95FC-48B299ED57F4}.Release 2.0|x64.ActiveCfg = Release|Any CPU
		{130CA26C-76FA-43C2-95FC-48B299ED57F4}.Release 2.0|x64.Build.0 = Release|Any CPU
		{130CA26C-76FA-43C2-95FC-48B299ED57F4}.Release 2.0|x86.ActiveCfg = Release|Any CPU
		{130CA26C-76FA-43C2-95FC-48B299ED57F4}.Release 2.0|x86.Build.0 = Release|Any CPU
		{130CA26C-76FA-43C2-95FC-48B299ED57F4}.Release|Any CPU.ActiveCfg = Release|Any CPU
		{130CA26C-76FA-43C2-95FC-48B299ED57F4}.Release|Any CPU.Build.0 = Release|Any CPU
		{130CA26C-76FA-43C2-95FC-48B299ED57F4}.Release|x64.ActiveCfg = Release|Any CPU
		{130CA26C-76FA-43C2-95FC-48B299ED57F4}.Release|x64.Build.0 = Release|Any CPU
		{130CA26C-76FA-43C2-95FC-48B299ED57F4}.Release|x86.ActiveCfg = Release|Any CPU
		{130CA26C-76FA-43C2-95FC-48B299ED57F4}.Release|x86.Build.0 = Release|Any CPU
		{FD487027-4498-45CB-94B9-25FA4BB276D9}.Debug|Any CPU.ActiveCfg = Debug|Any CPU
		{FD487027-4498-45CB-94B9-25FA4BB276D9}.Debug|Any CPU.Build.0 = Debug|Any CPU
		{FD487027-4498-45CB-94B9-25FA4BB276D9}.Debug|x64.ActiveCfg = Debug|Any CPU
		{FD487027-4498-45CB-94B9-25FA4BB276D9}.Debug|x64.Build.0 = Debug|Any CPU
		{FD487027-4498-45CB-94B9-25FA4BB276D9}.Debug|x86.ActiveCfg = Debug|Any CPU
		{FD487027-4498-45CB-94B9-25FA4BB276D9}.Debug|x86.Build.0 = Debug|Any CPU
		{FD487027-4498-45CB-94B9-25FA4BB276D9}.DebugNoTimeout|Any CPU.ActiveCfg = Debug|Any CPU
		{FD487027-4498-45CB-94B9-25FA4BB276D9}.DebugNoTimeout|Any CPU.Build.0 = Debug|Any CPU
		{FD487027-4498-45CB-94B9-25FA4BB276D9}.DebugNoTimeout|x64.ActiveCfg = Debug|Any CPU
		{FD487027-4498-45CB-94B9-25FA4BB276D9}.DebugNoTimeout|x64.Build.0 = Debug|Any CPU
		{FD487027-4498-45CB-94B9-25FA4BB276D9}.DebugNoTimeout|x86.ActiveCfg = Debug|Any CPU
		{FD487027-4498-45CB-94B9-25FA4BB276D9}.DebugNoTimeout|x86.Build.0 = Debug|Any CPU
		{FD487027-4498-45CB-94B9-25FA4BB276D9}.Release 2.0|Any CPU.ActiveCfg = Release|Any CPU
		{FD487027-4498-45CB-94B9-25FA4BB276D9}.Release 2.0|Any CPU.Build.0 = Release|Any CPU
		{FD487027-4498-45CB-94B9-25FA4BB276D9}.Release 2.0|x64.ActiveCfg = Release|Any CPU
		{FD487027-4498-45CB-94B9-25FA4BB276D9}.Release 2.0|x64.Build.0 = Release|Any CPU
		{FD487027-4498-45CB-94B9-25FA4BB276D9}.Release 2.0|x86.ActiveCfg = Release|Any CPU
		{FD487027-4498-45CB-94B9-25FA4BB276D9}.Release 2.0|x86.Build.0 = Release|Any CPU
		{FD487027-4498-45CB-94B9-25FA4BB276D9}.Release|Any CPU.ActiveCfg = Release|Any CPU
		{FD487027-4498-45CB-94B9-25FA4BB276D9}.Release|Any CPU.Build.0 = Release|Any CPU
		{FD487027-4498-45CB-94B9-25FA4BB276D9}.Release|x64.ActiveCfg = Release|Any CPU
		{FD487027-4498-45CB-94B9-25FA4BB276D9}.Release|x64.Build.0 = Release|Any CPU
		{FD487027-4498-45CB-94B9-25FA4BB276D9}.Release|x86.ActiveCfg = Release|Any CPU
		{FD487027-4498-45CB-94B9-25FA4BB276D9}.Release|x86.Build.0 = Release|Any CPU
		{0D77C2D8-95E1-4D17-A1DB-C538014C1C6B}.Debug|Any CPU.ActiveCfg = Debug|Any CPU
		{0D77C2D8-95E1-4D17-A1DB-C538014C1C6B}.Debug|Any CPU.Build.0 = Debug|Any CPU
		{0D77C2D8-95E1-4D17-A1DB-C538014C1C6B}.Debug|x64.ActiveCfg = Debug|Any CPU
		{0D77C2D8-95E1-4D17-A1DB-C538014C1C6B}.Debug|x64.Build.0 = Debug|Any CPU
		{0D77C2D8-95E1-4D17-A1DB-C538014C1C6B}.Debug|x86.ActiveCfg = Debug|Any CPU
		{0D77C2D8-95E1-4D17-A1DB-C538014C1C6B}.Debug|x86.Build.0 = Debug|Any CPU
		{0D77C2D8-95E1-4D17-A1DB-C538014C1C6B}.DebugNoTimeout|Any CPU.ActiveCfg = Debug|Any CPU
		{0D77C2D8-95E1-4D17-A1DB-C538014C1C6B}.DebugNoTimeout|Any CPU.Build.0 = Debug|Any CPU
		{0D77C2D8-95E1-4D17-A1DB-C538014C1C6B}.DebugNoTimeout|x64.ActiveCfg = Debug|Any CPU
		{0D77C2D8-95E1-4D17-A1DB-C538014C1C6B}.DebugNoTimeout|x64.Build.0 = Debug|Any CPU
		{0D77C2D8-95E1-4D17-A1DB-C538014C1C6B}.DebugNoTimeout|x86.ActiveCfg = Debug|Any CPU
		{0D77C2D8-95E1-4D17-A1DB-C538014C1C6B}.DebugNoTimeout|x86.Build.0 = Debug|Any CPU
		{0D77C2D8-95E1-4D17-A1DB-C538014C1C6B}.Release 2.0|Any CPU.ActiveCfg = Release|Any CPU
		{0D77C2D8-95E1-4D17-A1DB-C538014C1C6B}.Release 2.0|Any CPU.Build.0 = Release|Any CPU
		{0D77C2D8-95E1-4D17-A1DB-C538014C1C6B}.Release 2.0|x64.ActiveCfg = Release|Any CPU
		{0D77C2D8-95E1-4D17-A1DB-C538014C1C6B}.Release 2.0|x64.Build.0 = Release|Any CPU
		{0D77C2D8-95E1-4D17-A1DB-C538014C1C6B}.Release 2.0|x86.ActiveCfg = Release|Any CPU
		{0D77C2D8-95E1-4D17-A1DB-C538014C1C6B}.Release 2.0|x86.Build.0 = Release|Any CPU
		{0D77C2D8-95E1-4D17-A1DB-C538014C1C6B}.Release|Any CPU.ActiveCfg = Release|Any CPU
		{0D77C2D8-95E1-4D17-A1DB-C538014C1C6B}.Release|Any CPU.Build.0 = Release|Any CPU
		{0D77C2D8-95E1-4D17-A1DB-C538014C1C6B}.Release|x64.ActiveCfg = Release|Any CPU
		{0D77C2D8-95E1-4D17-A1DB-C538014C1C6B}.Release|x64.Build.0 = Release|Any CPU
		{0D77C2D8-95E1-4D17-A1DB-C538014C1C6B}.Release|x86.ActiveCfg = Release|Any CPU
		{0D77C2D8-95E1-4D17-A1DB-C538014C1C6B}.Release|x86.Build.0 = Release|Any CPU
		{932B86E5-DEAE-459A-B72C-630031E4C25A}.Debug|Any CPU.ActiveCfg = Debug|Any CPU
		{932B86E5-DEAE-459A-B72C-630031E4C25A}.Debug|Any CPU.Build.0 = Debug|Any CPU
		{932B86E5-DEAE-459A-B72C-630031E4C25A}.Debug|x64.ActiveCfg = Debug|Any CPU
		{932B86E5-DEAE-459A-B72C-630031E4C25A}.Debug|x64.Build.0 = Debug|Any CPU
		{932B86E5-DEAE-459A-B72C-630031E4C25A}.Debug|x86.ActiveCfg = Debug|Any CPU
		{932B86E5-DEAE-459A-B72C-630031E4C25A}.Debug|x86.Build.0 = Debug|Any CPU
		{932B86E5-DEAE-459A-B72C-630031E4C25A}.DebugNoTimeout|Any CPU.ActiveCfg = Debug|Any CPU
		{932B86E5-DEAE-459A-B72C-630031E4C25A}.DebugNoTimeout|Any CPU.Build.0 = Debug|Any CPU
		{932B86E5-DEAE-459A-B72C-630031E4C25A}.DebugNoTimeout|x64.ActiveCfg = Debug|Any CPU
		{932B86E5-DEAE-459A-B72C-630031E4C25A}.DebugNoTimeout|x64.Build.0 = Debug|Any CPU
		{932B86E5-DEAE-459A-B72C-630031E4C25A}.DebugNoTimeout|x86.ActiveCfg = Debug|Any CPU
		{932B86E5-DEAE-459A-B72C-630031E4C25A}.DebugNoTimeout|x86.Build.0 = Debug|Any CPU
		{932B86E5-DEAE-459A-B72C-630031E4C25A}.Release 2.0|Any CPU.ActiveCfg = Release|Any CPU
		{932B86E5-DEAE-459A-B72C-630031E4C25A}.Release 2.0|Any CPU.Build.0 = Release|Any CPU
		{932B86E5-DEAE-459A-B72C-630031E4C25A}.Release 2.0|x64.ActiveCfg = Release|Any CPU
		{932B86E5-DEAE-459A-B72C-630031E4C25A}.Release 2.0|x64.Build.0 = Release|Any CPU
		{932B86E5-DEAE-459A-B72C-630031E4C25A}.Release 2.0|x86.ActiveCfg = Release|Any CPU
		{932B86E5-DEAE-459A-B72C-630031E4C25A}.Release 2.0|x86.Build.0 = Release|Any CPU
		{932B86E5-DEAE-459A-B72C-630031E4C25A}.Release|Any CPU.ActiveCfg = Release|Any CPU
		{932B86E5-DEAE-459A-B72C-630031E4C25A}.Release|Any CPU.Build.0 = Release|Any CPU
		{932B86E5-DEAE-459A-B72C-630031E4C25A}.Release|x64.ActiveCfg = Release|Any CPU
		{932B86E5-DEAE-459A-B72C-630031E4C25A}.Release|x64.Build.0 = Release|Any CPU
		{932B86E5-DEAE-459A-B72C-630031E4C25A}.Release|x86.ActiveCfg = Release|Any CPU
		{932B86E5-DEAE-459A-B72C-630031E4C25A}.Release|x86.Build.0 = Release|Any CPU
	EndGlobalSection
	GlobalSection(SolutionProperties) = preSolution
		HideSolutionNode = FALSE
	EndGlobalSection
	GlobalSection(ExtensibilityGlobals) = postSolution
		SolutionGuid = {54F64A1C-572B-4893-887C-9FD70F17038C}
	EndGlobalSection
EndGlobal
